
Microsoft Visual Studio Solution File, Format Version 12.00
# Visual Studio 14
VisualStudioVersion = 14.0.22919.0
MinimumVisualStudioVersion = 10.0.40219.1
Project("{FAE04EC0-301F-11D3-BF4B-00C04F79EFBC}") = "MAX.Writer.REST", "src\MAX.Writer.REST\MAX.Writer.REST.csproj", "{FF36AECE-3E58-481E-90EF-C344E8F8E2EE}"
EndProject
Global
	GlobalSection(SolutionConfigurationPlatforms) = preSolution
		Debug|Any CPU = Debug|Any CPU
		Release|Any CPU = Release|Any CPU
	EndGlobalSection
	GlobalSection(ProjectConfigurationPlatforms) = postSolution
		{FF36AECE-3E58-481E-90EF-C344E8F8E2EE}.Debug|Any CPU.ActiveCfg = Debug|Any CPU
		{FF36AECE-3E58-481E-90EF-C344E8F8E2EE}.Debug|Any CPU.Build.0 = Debug|Any CPU
		{FF36AECE-3E58-481E-90EF-C344E8F8E2EE}.Release|Any CPU.ActiveCfg = Release|Any CPU
		{FF36AECE-3E58-481E-90EF-C344E8F8E2EE}.Release|Any CPU.Build.0 = Release|Any CPU
	EndGlobalSection
	GlobalSection(SolutionProperties) = preSolution
		HideSolutionNode = FALSE
	EndGlobalSection
EndGlobal
